
Microsoft Visual Studio Solution File, Format Version 12.00
Project("{FAE04EC0-301F-11D3-BF4B-00C04F79EFBC}") = "HomeTask3_day3", "HomeTask3_day3.csproj", "{ED522F2A-EA3A-4051-BE7A-6109809F995E}"
EndProject
Global
	GlobalSection(SolutionConfigurationPlatforms) = preSolution
		Debug|Any CPU = Debug|Any CPU
		Release|Any CPU = Release|Any CPU
	EndGlobalSection
	GlobalSection(ProjectConfigurationPlatforms) = postSolution
		{ED522F2A-EA3A-4051-BE7A-6109809F995E}.Debug|Any CPU.ActiveCfg = Debug|Any CPU
		{ED522F2A-EA3A-4051-BE7A-6109809F995E}.Debug|Any CPU.Build.0 = Debug|Any CPU
		{ED522F2A-EA3A-4051-BE7A-6109809F995E}.Release|Any CPU.ActiveCfg = Release|Any CPU
		{ED522F2A-EA3A-4051-BE7A-6109809F995E}.Release|Any CPU.Build.0 = Release|Any CPU
	EndGlobalSection
EndGlobal
